
Microsoft Visual Studio Solution File, Format Version 12.00
# Visual Studio 15
VisualStudioVersion = 15.0.27703.2035
MinimumVisualStudioVersion = 10.0.40219.1
Project("{9A19103F-16F7-4668-BE54-9A1E7A4F7556}") = "ObjectValidator", "src\ObjectValidator\ObjectValidator.csproj", "{3F7CFA7C-2CC7-4407-ACA3-04AE7668DC8B}"
EndProject
Project("{9A19103F-16F7-4668-BE54-9A1E7A4F7556}") = "ObjectValidator.Tests", "test\ObjectValidator.Tests\ObjectValidator.Tests.csproj", "{77DEE687-D0FE-4ED9-A9D2-F1A0D120DE40}"
EndProject
Project("{2150E333-8FDC-42A3-9474-1A3956D46DE8}") = "src", "src", "{3BEAF70F-2967-457B-9FF1-6E58FA100A48}"
EndProject
Project("{2150E333-8FDC-42A3-9474-1A3956D46DE8}") = "test", "test", "{D09D89FE-08D3-44AC-B2AD-A16725884723}"
EndProject
Project("{9A19103F-16F7-4668-BE54-9A1E7A4F7556}") = "ObjectValidator.Benchmarks.Tests", "test\ObjectValidator.Benchmarks.Tests\ObjectValidator.Benchmarks.Tests.csproj", "{CBF0D0A3-0E98-4FBB-98DE-BFB56972311F}"
EndProject
Project("{9A19103F-16F7-4668-BE54-9A1E7A4F7556}") = "ObjectValidator.DataAnnotations", "src\ObjectValidator.DataAnnotations\ObjectValidator.DataAnnotations.csproj", "{02FE7CE4-3141-4CAE-9067-53D49F320C79}"
EndProject
Project("{2150E333-8FDC-42A3-9474-1A3956D46DE8}") = "Solution Items", "Solution Items", "{B031F87D-B87D-4AF6-99C5-56CD7FDDE235}"
	ProjectSection(SolutionItems) = preProject
		Directory.Build.props = Directory.Build.props
		Directory.Build.targets = Directory.Build.targets
	EndProjectSection
EndProject
Global
	GlobalSection(SolutionConfigurationPlatforms) = preSolution
		Debug|Any CPU = Debug|Any CPU
		Release|Any CPU = Release|Any CPU
	EndGlobalSection
	GlobalSection(ProjectConfigurationPlatforms) = postSolution
		{3F7CFA7C-2CC7-4407-ACA3-04AE7668DC8B}.Debug|Any CPU.ActiveCfg = Debug|Any CPU
		{3F7CFA7C-2CC7-4407-ACA3-04AE7668DC8B}.Debug|Any CPU.Build.0 = Debug|Any CPU
		{3F7CFA7C-2CC7-4407-ACA3-04AE7668DC8B}.Release|Any CPU.ActiveCfg = Release|Any CPU
		{3F7CFA7C-2CC7-4407-ACA3-04AE7668DC8B}.Release|Any CPU.Build.0 = Release|Any CPU
		{77DEE687-D0FE-4ED9-A9D2-F1A0D120DE40}.Debug|Any CPU.ActiveCfg = Debug|Any CPU
		{77DEE687-D0FE-4ED9-A9D2-F1A0D120DE40}.Debug|Any CPU.Build.0 = Debug|Any CPU
		{77DEE687-D0FE-4ED9-A9D2-F1A0D120DE40}.Release|Any CPU.ActiveCfg = Release|Any CPU
		{77DEE687-D0FE-4ED9-A9D2-F1A0D120DE40}.Release|Any CPU.Build.0 = Release|Any CPU
		{CBF0D0A3-0E98-4FBB-98DE-BFB56972311F}.Debug|Any CPU.ActiveCfg = Debug|Any CPU
		{CBF0D0A3-0E98-4FBB-98DE-BFB56972311F}.Debug|Any CPU.Build.0 = Debug|Any CPU
		{CBF0D0A3-0E98-4FBB-98DE-BFB56972311F}.Release|Any CPU.ActiveCfg = Release|Any CPU
		{CBF0D0A3-0E98-4FBB-98DE-BFB56972311F}.Release|Any CPU.Build.0 = Release|Any CPU
		{02FE7CE4-3141-4CAE-9067-53D49F320C79}.Debug|Any CPU.ActiveCfg = Debug|Any CPU
		{02FE7CE4-3141-4CAE-9067-53D49F320C79}.Debug|Any CPU.Build.0 = Debug|Any CPU
		{02FE7CE4-3141-4CAE-9067-53D49F320C79}.Release|Any CPU.ActiveCfg = Release|Any CPU
		{02FE7CE4-3141-4CAE-9067-53D49F320C79}.Release|Any CPU.Build.0 = Release|Any CPU
	EndGlobalSection
	GlobalSection(SolutionProperties) = preSolution
		HideSolutionNode = FALSE
	EndGlobalSection
	GlobalSection(NestedProjects) = preSolution
		{3F7CFA7C-2CC7-4407-ACA3-04AE7668DC8B} = {3BEAF70F-2967-457B-9FF1-6E58FA100A48}
		{77DEE687-D0FE-4ED9-A9D2-F1A0D120DE40} = {D09D89FE-08D3-44AC-B2AD-A16725884723}
		{CBF0D0A3-0E98-4FBB-98DE-BFB56972311F} = {D09D89FE-08D3-44AC-B2AD-A16725884723}
		{02FE7CE4-3141-4CAE-9067-53D49F320C79} = {3BEAF70F-2967-457B-9FF1-6E58FA100A48}
	EndGlobalSection
	GlobalSection(ExtensibilityGlobals) = postSolution
		SolutionGuid = {76372B97-2C38-40B8-AEB3-0B7C9444ED34}
	EndGlobalSection
EndGlobal
