
Microsoft Visual Studio Solution File, Format Version 12.00
# Visual Studio 15
VisualStudioVersion = 15.0.27703.2035
MinimumVisualStudioVersion = 10.0.40219.1
Project("{FAE04EC0-301F-11D3-BF4B-00C04F79EFBC}") = "XmlSchemaValidator", "XmlSchemaValidator\XmlSchemaValidator.csproj", "{36C38F57-BCDD-426E-8CB2-24E7AC43F527}"
EndProject
Project("{FAE04EC0-301F-11D3-BF4B-00C04F79EFBC}") = "XmlSchemaValidator.Tests", "XmlSchemaValidator.Tests\XmlSchemaValidator.Tests.csproj", "{B8BAFD6A-06BA-4130-8A21-BA1B733F4508}"
EndProject
Global
	GlobalSection(SolutionConfigurationPlatforms) = preSolution
		Debug|Any CPU = Debug|Any CPU
		Release|Any CPU = Release|Any CPU
	EndGlobalSection
	GlobalSection(ProjectConfigurationPlatforms) = postSolution
		{36C38F57-BCDD-426E-8CB2-24E7AC43F527}.Debug|Any CPU.ActiveCfg = Debug|Any CPU
		{36C38F57-BCDD-426E-8CB2-24E7AC43F527}.Debug|Any CPU.Build.0 = Debug|Any CPU
		{36C38F57-BCDD-426E-8CB2-24E7AC43F527}.Release|Any CPU.ActiveCfg = Release|Any CPU
		{36C38F57-BCDD-426E-8CB2-24E7AC43F527}.Release|Any CPU.Build.0 = Release|Any CPU
		{B8BAFD6A-06BA-4130-8A21-BA1B733F4508}.Debug|Any CPU.ActiveCfg = Debug|Any CPU
		{B8BAFD6A-06BA-4130-8A21-BA1B733F4508}.Debug|Any CPU.Build.0 = Debug|Any CPU
		{B8BAFD6A-06BA-4130-8A21-BA1B733F4508}.Release|Any CPU.ActiveCfg = Release|Any CPU
		{B8BAFD6A-06BA-4130-8A21-BA1B733F4508}.Release|Any CPU.Build.0 = Release|Any CPU
	EndGlobalSection
	GlobalSection(SolutionProperties) = preSolution
		HideSolutionNode = FALSE
	EndGlobalSection
	GlobalSection(ExtensibilityGlobals) = postSolution
		SolutionGuid = {76372B97-2C38-40B8-AEB3-0B7C9444ED34}
	EndGlobalSection
EndGlobal
